// !$*UTF8*$!
{
	archiveVersion = 1;
	classes = {
	};
	objectVersion = 46;
	objects = {

/* Begin PBXBuildFile section */
		65D714B91EE8EF7C00C42E6A /* main.m in Sources */ = {isa = PBXBuildFile; fileRef = 65D714B81EE8EF7C00C42E6A /* main.m */; };
		65D714BC1EE8EF7C00C42E6A /* AppDelegate.m in Sources */ = {isa = PBXBuildFile; fileRef = 65D714BB1EE8EF7C00C42E6A /* AppDelegate.m */; };
		65D714BF1EE8EF7C00C42E6A /* ViewController.m in Sources */ = {isa = PBXBuildFile; fileRef = 65D714BE1EE8EF7C00C42E6A /* ViewController.m */; };
		65D714C21EE8EF7C00C42E6A /* Main.storyboard in Resources */ = {isa = PBXBuildFile; fileRef = 65D714C01EE8EF7C00C42E6A /* Main.storyboard */; };
		65D714C41EE8EF7C00C42E6A /* Assets.xcassets in Resources */ = {isa = PBXBuildFile; fileRef = 65D714C31EE8EF7C00C42E6A /* Assets.xcassets */; };
		65D714C71EE8EF7C00C42E6A /* LaunchScreen.storyboard in Resources */ = {isa = PBXBuildFile; fileRef = 65D714C51EE8EF7C00C42E6A /* LaunchScreen.storyboard */; };
		65D714D21EE8EF7D00C42E6A /* _______Tests.m in Sources */ = {isa = PBXBuildFile; fileRef = 65D714D11EE8EF7D00C42E6A /* _______Tests.m */; };
		65D714DD1EE8EF7D00C42E6A /* _______UITests.m in Sources */ = {isa = PBXBuildFile; fileRef = 65D714DC1EE8EF7D00C42E6A /* _______UITests.m */; };
		65D714ED1EE8F08100C42E6A /* LFBCurveLineView.m in Sources */ = {isa = PBXBuildFile; fileRef = 65D714EC1EE8F08100C42E6A /* LFBCurveLineView.m */; };
/* End PBXBuildFile section */

/* Begin PBXContainerItemProxy section */
		65D714CE1EE8EF7D00C42E6A /* PBXContainerItemProxy */ = {
			isa = PBXContainerItemProxy;
			containerPortal = 65D714AC1EE8EF7C00C42E6A /* Project object */;
			proxyType = 1;
			remoteGlobalIDString = 65D714B31EE8EF7C00C42E6A;
			remoteInfo = "股票动态曲线图";
		};
		65D714D91EE8EF7D00C42E6A /* PBXContainerItemProxy */ = {
			isa = PBXContainerItemProxy;
			containerPortal = 65D714AC1EE8EF7C00C42E6A /* Project object */;
			proxyType = 1;
			remoteGlobalIDString = 65D714B31EE8EF7C00C42E6A;
			remoteInfo = "股票动态曲线图";
		};
/* End PBXContainerItemProxy section */

/* Begin PBXFileReference section */
		65D714B41EE8EF7C00C42E6A /* 股票动态曲线图.app */ = {isa = PBXFileReference; explicitFileType = wrapper.application; includeInIndex = 0; path = "股票动态曲线图.app"; sourceTree = BUILT_PRODUCTS_DIR; };
		65D714B81EE8EF7C00C42E6A /* main.m */ = {isa = PBXFileReference; lastKnownFileType = sourcecode.c.objc; path = main.m; sourceTree = "<group>"; };
		65D714BA1EE8EF7C00C42E6A /* AppDelegate.h */ = {isa = PBXFileReference; lastKnownFileType = sourcecode.c.h; path = AppDelegate.h; sourceTree = "<group>"; };
		65D714BB1EE8EF7C00C42E6A /* AppDelegate.m */ = {isa = PBXFileReference; lastKnownFileType = sourcecode.c.objc; path = AppDelegate.m; sourceTree = "<group>"; };
		65D714BD1EE8EF7C00C42E6A /* ViewController.h */ = {isa = PBXFileReference; lastKnownFileType = sourcecode.c.h; path = ViewController.h; sourceTree = "<group>"; };
		65D714BE1EE8EF7C00C42E6A /* ViewController.m */ = {isa = PBXFileReference; lastKnownFileType = sourcecode.c.objc; path = ViewController.m; sourceTree = "<group>"; };
		65D714C11EE8EF7C00C42E6A /* Base */ = {isa = PBXFileReference; lastKnownFileType = file.storyboard; name = Base; path = Base.lproj/Main.storyboard; sourceTree = "<group>"; };
		65D714C31EE8EF7C00C42E6A /* Assets.xcassets */ = {isa = PBXFileReference; lastKnownFileType = folder.assetcatalog; path = Assets.xcassets; sourceTree = "<group>"; };
		65D714C61EE8EF7C00C42E6A /* Base */ = {isa = PBXFileReference; lastKnownFileType = file.storyboard; name = Base; path = Base.lproj/LaunchScreen.storyboard; sourceTree = "<group>"; };
		65D714C81EE8EF7C00C42E6A /* Info.plist */ = {isa = PBXFileReference; lastKnownFileType = text.plist.xml; path = Info.plist; sourceTree = "<group>"; };
		65D714CD1EE8EF7D00C42E6A /* 股票动态曲线图Tests.xctest */ = {isa = PBXFileReference; explicitFileType = wrapper.cfbundle; includeInIndex = 0; path = "股票动态曲线图Tests.xctest"; sourceTree = BUILT_PRODUCTS_DIR; };
		65D714D11EE8EF7D00C42E6A /* _______Tests.m */ = {isa = PBXFileReference; lastKnownFileType = sourcecode.c.objc; path = "_______Tests.m"; sourceTree = "<group>"; };
		65D714D31EE8EF7D00C42E6A /* Info.plist */ = {isa = PBXFileReference; lastKnownFileType = text.plist.xml; path = Info.plist; sourceTree = "<group>"; };
		65D714D81EE8EF7D00C42E6A /* 股票动态曲线图UITests.xctest */ = {isa = PBXFileReference; explicitFileType = wrapper.cfbundle; includeInIndex = 0; path = "股票动态曲线图UITests.xctest"; sourceTree = BUILT_PRODUCTS_DIR; };
		65D714DC1EE8EF7D00C42E6A /* _______UITests.m */ = {isa = PBXFileReference; lastKnownFileType = sourcecode.c.objc; path = "_______UITests.m"; sourceTree = "<group>"; };
		65D714DE1EE8EF7D00C42E6A /* Info.plist */ = {isa = PBXFileReference; lastKnownFileType = text.plist.xml; path = Info.plist; sourceTree = "<group>"; };
		65D714EB1EE8F08100C42E6A /* LFBCurveLineView.h */ = {isa = PBXFileReference; fileEncoding = 4; lastKnownFileType = sourcecode.c.h; path = LFBCurveLineView.h; sourceTree = "<group>"; };
		65D714EC1EE8F08100C42E6A /* LFBCurveLineView.m */ = {isa = PBXFileReference; fileEncoding = 4; lastKnownFileType = sourcecode.c.objc; path = LFBCurveLineView.m; sourceTree = "<group>"; };
/* End PBXFileReference section */

/* Begin PBXFrameworksBuildPhase section */
		65D714B11EE8EF7C00C42E6A /* Frameworks */ = {
			isa = PBXFrameworksBuildPhase;
			buildActionMask = 2147483647;
			files = (
			);
			runOnlyForDeploymentPostprocessing = 0;
		};
		65D714CA1EE8EF7D00C42E6A /* Frameworks */ = {
			isa = PBXFrameworksBuildPhase;
			buildActionMask = 2147483647;
			files = (
			);
			runOnlyForDeploymentPostprocessing = 0;
		};
		65D714D51EE8EF7D00C42E6A /* Frameworks */ = {
			isa = PBXFrameworksBuildPhase;
			buildActionMask = 2147483647;
			files = (
			);
			runOnlyForDeploymentPostprocessing = 0;
		};
/* End PBXFrameworksBuildPhase section */

/* Begin PBXGroup section */
		65D714AB1EE8EF7C00C42E6A = {
			isa = PBXGroup;
			children = (
				65D714EA1EE8F05A00C42E6A /* LFBCurveLineView */,
				65D714B61EE8EF7C00C42E6A /* 股票动态曲线图 */,
				65D714D01EE8EF7D00C42E6A /* 股票动态曲线图Tests */,
				65D714DB1EE8EF7D00C42E6A /* 股票动态曲线图UITests */,
				65D714B51EE8EF7C00C42E6A /* Products */,
			);
			sourceTree = "<group>";
		};
		65D714B51EE8EF7C00C42E6A /* Products */ = {
			isa = PBXGroup;
			children = (
				65D714B41EE8EF7C00C42E6A /* 股票动态曲线图.app */,
				65D714CD1EE8EF7D00C42E6A /* 股票动态曲线图Tests.xctest */,
				65D714D81EE8EF7D00C42E6A /* 股票动态曲线图UITests.xctest */,
			);
			name = Products;
			sourceTree = "<group>";
		};
		65D714B61EE8EF7C00C42E6A /* 股票动态曲线图 */ = {
			isa = PBXGroup;
			children = (
				65D714BA1EE8EF7C00C42E6A /* AppDelegate.h */,
				65D714BB1EE8EF7C00C42E6A /* AppDelegate.m */,
				65D714BD1EE8EF7C00C42E6A /* ViewController.h */,
				65D714BE1EE8EF7C00C42E6A /* ViewController.m */,
				65D714C01EE8EF7C00C42E6A /* Main.storyboard */,
				65D714C31EE8EF7C00C42E6A /* Assets.xcassets */,
				65D714C51EE8EF7C00C42E6A /* LaunchScreen.storyboard */,
				65D714C81EE8EF7C00C42E6A /* Info.plist */,
				65D714B71EE8EF7C00C42E6A /* Supporting Files */,
			);
			path = "股票动态曲线图";
			sourceTree = "<group>";
		};
		65D714B71EE8EF7C00C42E6A /* Supporting Files */ = {
			isa = PBXGroup;
			children = (
				65D714B81EE8EF7C00C42E6A /* main.m */,
			);
			name = "Supporting Files";
			sourceTree = "<group>";
		};
		65D714D01EE8EF7D00C42E6A /* 股票动态曲线图Tests */ = {
			isa = PBXGroup;
			children = (
				65D714D11EE8EF7D00C42E6A /* _______Tests.m */,
				65D714D31EE8EF7D00C42E6A /* Info.plist */,
			);
			path = "股票动态曲线图Tests";
			sourceTree = "<group>";
		};
		65D714DB1EE8EF7D00C42E6A /* 股票动态曲线图UITests */ = {
			isa = PBXGroup;
			children = (
				65D714DC1EE8EF7D00C42E6A /* _______UITests.m */,
				65D714DE1EE8EF7D00C42E6A /* Info.plist */,
			);
			path = "股票动态曲线图UITests";
			sourceTree = "<group>";
		};
		65D714EA1EE8F05A00C42E6A /* LFBCurveLineView */ = {
			isa = PBXGroup;
			children = (
				65D714EB1EE8F08100C42E6A /* LFBCurveLineView.h */,
				65D714EC1EE8F08100C42E6A /* LFBCurveLineView.m */,
			);
			path = LFBCurveLineView;
			sourceTree = "<group>";
		};
/* End PBXGroup section */

/* Begin PBXNativeTarget section */
		65D714B31EE8EF7C00C42E6A /* 股票动态曲线图 */ = {
			isa = PBXNativeTarget;
			buildConfigurationList = 65D714E11EE8EF7D00C42E6A /* Build configuration list for PBXNativeTarget "股票动态曲线图" */;
			buildPhases = (
				65D714B01EE8EF7C00C42E6A /* Sources */,
				65D714B11EE8EF7C00C42E6A /* Frameworks */,
				65D714B21EE8EF7C00C42E6A /* Resources */,
			);
			buildRules = (
			);
			dependencies = (
			);
			name = "股票动态曲线图";
			productName = "股票动态曲线图";
			productReference = 65D714B41EE8EF7C00C42E6A /* 股票动态曲线图.app */;
			productType = "com.apple.product-type.application";
		};
		65D714CC1EE8EF7D00C42E6A /* 股票动态曲线图Tests */ = {
			isa = PBXNativeTarget;
			buildConfigurationList = 65D714E41EE8EF7D00C42E6A /* Build configuration list for PBXNativeTarget "股票动态曲线图Tests" */;
			buildPhases = (
				65D714C91EE8EF7D00C42E6A /* Sources */,
				65D714CA1EE8EF7D00C42E6A /* Frameworks */,
				65D714CB1EE8EF7D00C42E6A /* Resources */,
			);
			buildRules = (
			);
			dependencies = (
				65D714CF1EE8EF7D00C42E6A /* PBXTargetDependency */,
			);
			name = "股票动态曲线图Tests";
			productName = "股票动态曲线图Tests";
			productReference = 65D714CD1EE8EF7D00C42E6A /* 股票动态曲线图Tests.xctest */;
			productType = "com.apple.product-type.bundle.unit-test";
		};
		65D714D71EE8EF7D00C42E6A /* 股票动态曲线图UITests */ = {
			isa = PBXNativeTarget;
			buildConfigurationList = 65D714E71EE8EF7D00C42E6A /* Build configuration list for PBXNativeTarget "股票动态曲线图UITests" */;
			buildPhases = (
				65D714D41EE8EF7D00C42E6A /* Sources */,
				65D714D51EE8EF7D00C42E6A /* Frameworks */,
				65D714D61EE8EF7D00C42E6A /* Resources */,
			);
			buildRules = (
			);
			dependencies = (
				65D714DA1EE8EF7D00C42E6A /* PBXTargetDependency */,
			);
			name = "股票动态曲线图UITests";
			productName = "股票动态曲线图UITests";
			productReference = 65D714D81EE8EF7D00C42E6A /* 股票动态曲线图UITests.xctest */;
			productType = "com.apple.product-type.bundle.ui-testing";
		};
/* End PBXNativeTarget section */

/* Begin PBXProject section */
		65D714AC1EE8EF7C00C42E6A /* Project object */ = {
			isa = PBXProject;
			attributes = {
				LastUpgradeCheck = 0810;
				ORGANIZATIONNAME = postop_iosdev;
				TargetAttributes = {
					65D714B31EE8EF7C00C42E6A = {
						CreatedOnToolsVersion = 8.1;
						ProvisioningStyle = Automatic;
					};
					65D714CC1EE8EF7D00C42E6A = {
						CreatedOnToolsVersion = 8.1;
						ProvisioningStyle = Automatic;
						TestTargetID = 65D714B31EE8EF7C00C42E6A;
					};
					65D714D71EE8EF7D00C42E6A = {
						CreatedOnToolsVersion = 8.1;
						ProvisioningStyle = Automatic;
						TestTargetID = 65D714B31EE8EF7C00C42E6A;
					};
				};
			};
			buildConfigurationList = 65D714AF1EE8EF7C00C42E6A /* Build configuration list for PBXProject "股票动态曲线图" */;
			compatibilityVersion = "Xcode 3.2";
			developmentRegion = English;
			hasScannedForEncodings = 0;
			knownRegions = (
				en,
				Base,
			);
			mainGroup = 65D714AB1EE8EF7C00C42E6A;
			productRefGroup = 65D714B51EE8EF7C00C42E6A /* Products */;
			projectDirPath = "";
			projectRoot = "";
			targets = (
				65D714B31EE8EF7C00C42E6A /* 股票动态曲线图 */,
				65D714CC1EE8EF7D00C42E6A /* 股票动态曲线图Tests */,
				65D714D71EE8EF7D00C42E6A /* 股票动态曲线图UITests */,
			);
		};
/* End PBXProject section */

/* Begin PBXResourcesBuildPhase section */
		65D714B21EE8EF7C00C42E6A /* Resources */ = {
			isa = PBXResourcesBuildPhase;
			buildActionMask = 2147483647;
			files = (
				65D714C71EE8EF7C00C42E6A /* LaunchScreen.storyboard in Resources */,
				65D714C41EE8EF7C00C42E6A /* Assets.xcassets in Resources */,
				65D714C21EE8EF7C00C42E6A /* Main.storyboard in Resources */,
			);
			runOnlyForDeploymentPostprocessing = 0;
		};
		65D714CB1EE8EF7D00C42E6A /* Resources */ = {
			isa = PBXResourcesBuildPhase;
			buildActionMask = 2147483647;
			files = (
			);
			runOnlyForDeploymentPostprocessing = 0;
		};
		65D714D61EE8EF7D00C42E6A /* Resources */ = {
			isa = PBXResourcesBuildPhase;
			buildActionMask = 2147483647;
			files = (
			);
			runOnlyForDeploymentPostprocessing = 0;
		};
/* End PBXResourcesBuildPhase section */

/* Begin PBXSourcesBuildPhase section */
		65D714B01EE8EF7C00C42E6A /* Sources */ = {
			isa = PBXSourcesBuildPhase;
			buildActionMask = 2147483647;
			files = (
				65D714BF1EE8EF7C00C42E6A /* ViewController.m in Sources */,
				65D714ED1EE8F08100C42E6A /* LFBCurveLineView.m in Sources */,
				65D714BC1EE8EF7C00C42E6A /* AppDelegate.m in Sources */,
				65D714B91EE8EF7C00C42E6A /* main.m in Sources */,
			);
			runOnlyForDeploymentPostprocessing = 0;
		};
		65D714C91EE8EF7D00C42E6A /* Sources */ = {
			isa = PBXSourcesBuildPhase;
			buildActionMask = 2147483647;
			files = (
				65D714D21EE8EF7D00C42E6A /* _______Tests.m in Sources */,
			);
			runOnlyForDeploymentPostprocessing = 0;
		};
		65D714D41EE8EF7D00C42E6A /* Sources */ = {
			isa = PBXSourcesBuildPhase;
			buildActionMask = 2147483647;
			files = (
				65D714DD1EE8EF7D00C42E6A /* _______UITests.m in Sources */,
			);
			runOnlyForDeploymentPostprocessing = 0;
		};
/* End PBXSourcesBuildPhase section */

/* Begin PBXTargetDependency section */
		65D714CF1EE8EF7D00C42E6A /* PBXTargetDependency */ = {
			isa = PBXTargetDependency;
			target = 65D714B31EE8EF7C00C42E6A /* 股票动态曲线图 */;
			targetProxy = 65D714CE1EE8EF7D00C42E6A /* PBXContainerItemProxy */;
		};
		65D714DA1EE8EF7D00C42E6A /* PBXTargetDependency */ = {
			isa = PBXTargetDependency;
			target = 65D714B31EE8EF7C00C42E6A /* 股票动态曲线图 */;
			targetProxy = 65D714D91EE8EF7D00C42E6A /* PBXContainerItemProxy */;
		};
/* End PBXTargetDependency section */

/* Begin PBXVariantGroup section */
		65D714C01EE8EF7C00C42E6A /* Main.storyboard */ = {
			isa = PBXVariantGroup;
			children = (
				65D714C11EE8EF7C00C42E6A /* Base */,
			);
			name = Main.storyboard;
			sourceTree = "<group>";
		};
		65D714C51EE8EF7C00C42E6A /* LaunchScreen.storyboard */ = {
			isa = PBXVariantGroup;
			children = (
				65D714C61EE8EF7C00C42E6A /* Base */,
			);
			name = LaunchScreen.storyboard;
			sourceTree = "<group>";
		};
/* End PBXVariantGroup section */

/* Begin XCBuildConfiguration section */
		65D714DF1EE8EF7D00C42E6A /* Debug */ = {
			isa = XCBuildConfiguration;
			buildSettings = {
				ALWAYS_SEARCH_USER_PATHS = NO;
				CLANG_ANALYZER_NONNULL = YES;
				CLANG_CXX_LANGUAGE_STANDARD = "gnu++0x";
				CLANG_CXX_LIBRARY = "libc++";
				CLANG_ENABLE_MODULES = YES;
				CLANG_ENABLE_OBJC_ARC = YES;
				CLANG_WARN_BOOL_CONVERSION = YES;
				CLANG_WARN_CONSTANT_CONVERSION = YES;
				CLANG_WARN_DIRECT_OBJC_ISA_USAGE = YES_ERROR;
				CLANG_WARN_DOCUMENTATION_COMMENTS = YES;
				CLANG_WARN_EMPTY_BODY = YES;
				CLANG_WARN_ENUM_CONVERSION = YES;
				CLANG_WARN_INFINITE_RECURSION = YES;
				CLANG_WARN_INT_CONVERSION = YES;
				CLANG_WARN_OBJC_ROOT_CLASS = YES_ERROR;
				CLANG_WARN_SUSPICIOUS_MOVES = YES;
				CLANG_WARN_UNREACHABLE_CODE = YES;
				CLANG_WARN__DUPLICATE_METHOD_MATCH = YES;
				"CODE_SIGN_IDENTITY[sdk=iphoneos*]" = "iPhone Developer";
				COPY_PHASE_STRIP = NO;
				DEBUG_INFORMATION_FORMAT = dwarf;
				ENABLE_STRICT_OBJC_MSGSEND = YES;
				ENABLE_TESTABILITY = YES;
				GCC_C_LANGUAGE_STANDARD = gnu99;
				GCC_DYNAMIC_NO_PIC = NO;
				GCC_NO_COMMON_BLOCKS = YES;
				GCC_OPTIMIZATION_LEVEL = 0;
				GCC_PREPROCESSOR_DEFINITIONS = (
					"DEBUG=1",
					"$(inherited)",
				);
				GCC_WARN_64_TO_32_BIT_CONVERSION = YES;
				GCC_WARN_ABOUT_RETURN_TYPE = YES_ERROR;
				GCC_WARN_UNDECLARED_SELECTOR = YES;
				GCC_WARN_UNINITIALIZED_AUTOS = YES_AGGRESSIVE;
				GCC_WARN_UNUSED_FUNCTION = YES;
				GCC_WARN_UNUSED_VARIABLE = YES;
				IPHONEOS_DEPLOYMENT_TARGET = 10.1;
				MTL_ENABLE_DEBUG_INFO = YES;
				ONLY_ACTIVE_ARCH = YES;
				SDKROOT = iphoneos;
			};
			name = Debug;
		};
		65D714E01EE8EF7D00C42E6A /* Release */ = {
			isa = XCBuildConfiguration;
			buildSettings = {
				ALWAYS_SEARCH_USER_PATHS = NO;
				CLANG_ANALYZER_NONNULL = YES;
				CLANG_CXX_LANGUAGE_STANDARD = "gnu++0x";
				CLANG_CXX_LIBRARY = "libc++";
				CLANG_ENABLE_MODULES = YES;
				CLANG_ENABLE_OBJC_ARC = YES;
				CLANG_WARN_BOOL_CONVERSION = YES;
				CLANG_WARN_CONSTANT_CONVERSION = YES;
				CLANG_WARN_DIRECT_OBJC_ISA_USAGE = YES_ERROR;
				CLANG_WARN_DOCUMENTATION_COMMENTS = YES;
				CLANG_WARN_EMPTY_BODY = YES;
				CLANG_WARN_ENUM_CONVERSION = YES;
				CLANG_WARN_INFINITE_RECURSION = YES;
				CLANG_WARN_INT_CONVERSION = YES;
				CLANG_WARN_OBJC_ROOT_CLASS = YES_ERROR;
				CLANG_WARN_SUSPICIOUS_MOVES = YES;
				CLANG_WARN_UNREACHABLE_CODE = YES;
				CLANG_WARN__DUPLICATE_METHOD_MATCH = YES;
				"CODE_SIGN_IDENTITY[sdk=iphoneos*]" = "iPhone Developer";
				COPY_PHASE_STRIP = NO;
				DEBUG_INFORMATION_FORMAT = "dwarf-with-dsym";
				ENABLE_NS_ASSERTIONS = NO;
				ENABLE_STRICT_OBJC_MSGSEND = YES;
				GCC_C_LANGUAGE_STANDARD = gnu99;
				GCC_NO_COMMON_BLOCKS = YES;
				GCC_WARN_64_TO_32_BIT_CONVERSION = YES;
				GCC_WARN_ABOUT_RETURN_TYPE = YES_ERROR;
				GCC_WARN_UNDECLARED_SELECTOR = YES;
				GCC_WARN_UNINITIALIZED_AUTOS = YES_AGGRESSIVE;
				GCC_WARN_UNUSED_FUNCTION = YES;
				GCC_WARN_UNUSED_VARIABLE = YES;
				IPHONEOS_DEPLOYMENT_TARGET = 10.1;
				MTL_ENABLE_DEBUG_INFO = NO;
				SDKROOT = iphoneos;
				VALIDATE_PRODUCT = YES;
			};
			name = Release;
		};
		65D714E21EE8EF7D00C42E6A /* Debug */ = {
			isa = XCBuildConfiguration;
			buildSettings = {
				ASSETCATALOG_COMPILER_APPICON_NAME = AppIcon;
				INFOPLIST_FILE = "股票动态曲线图/Info.plist";
				LD_RUNPATH_SEARCH_PATHS = "$(inherited) @executable_path/Frameworks";
				PRODUCT_BUNDLE_IDENTIFIER = "com.ShangYi.case.-------";
				PRODUCT_NAME = "$(TARGET_NAME)";
			};
			name = Debug;
		};
		65D714E31EE8EF7D00C42E6A /* Release */ = {
			isa = XCBuildConfiguration;
			buildSettings = {
				ASSETCATALOG_COMPILER_APPICON_NAME = AppIcon;
				INFOPLIST_FILE = "股票动态曲线图/Info.plist";
				LD_RUNPATH_SEARCH_PATHS = "$(inherited) @executable_path/Frameworks";
				PRODUCT_BUNDLE_IDENTIFIER = "com.ShangYi.case.-------";
				PRODUCT_NAME = "$(TARGET_NAME)";
			};
			name = Release;
		};
		65D714E51EE8EF7D00C42E6A /* Debug */ = {
			isa = XCBuildConfiguration;
			buildSettings = {
				BUNDLE_LOADER = "$(TEST_HOST)";
				INFOPLIST_FILE = "股票动态曲线图Tests/Info.plist";
				LD_RUNPATH_SEARCH_PATHS = "$(inherited) @executable_path/Frameworks @loader_path/Frameworks";
				PRODUCT_BUNDLE_IDENTIFIER = "com.ShangYi.case.-------Tests";
				PRODUCT_NAME = "$(TARGET_NAME)";
				TEST_HOST = "$(BUILT_PRODUCTS_DIR)/股票动态曲线图.app/股票动态曲线图";
			};
			name = Debug;
		};
		65D714E61EE8EF7D00C42E6A /* Release */ = {
			isa = XCBuildConfiguration;
			buildSettings = {
				BUNDLE_LOADER = "$(TEST_HOST)";
				INFOPLIST_FILE = "股票动态曲线图Tests/Info.plist";
				LD_RUNPATH_SEARCH_PATHS = "$(inherited) @executable_path/Frameworks @loader_path/Frameworks";
				PRODUCT_BUNDLE_IDENTIFIER = "com.ShangYi.case.-------Tests";
				PRODUCT_NAME = "$(TARGET_NAME)";
				TEST_HOST = "$(BUILT_PRODUCTS_DIR)/股票动态曲线图.app/股票动态曲线图";
			};
			name = Release;
		};
		65D714E81EE8EF7D00C42E6A /* Debug */ = {
			isa = XCBuildConfiguration;
			buildSettings = {
				INFOPLIST_FILE = "股票动态曲线图UITests/Info.plist";
				LD_RUNPATH_SEARCH_PATHS = "$(inherited) @executable_path/Frameworks @loader_path/Frameworks";
				PRODUCT_BUNDLE_IDENTIFIER = "com.ShangYi.case.-------UITests";
				PRODUCT_NAME = "$(TARGET_NAME)";
				TEST_TARGET_NAME = "股票动态曲线图";
			};
			name = Debug;
		};
		65D714E91EE8EF7D00C42E6A /* Release */ = {
			isa = XCBuildConfiguration;
			buildSettings = {
				INFOPLIST_FILE = "股票动态曲线图UITests/Info.plist";
				LD_RUNPATH_SEARCH_PATHS = "$(inherited) @executable_path/Frameworks @loader_path/Frameworks";
				PRODUCT_BUNDLE_IDENTIFIER = "com.ShangYi.case.-------UITests";
				PRODUCT_NAME = "$(TARGET_NAME)";
				TEST_TARGET_NAME = "股票动态曲线图";
			};
			name = Release;
		};
/* End XCBuildConfiguration section */

/* Begin XCConfigurationList section */
		65D714AF1EE8EF7C00C42E6A /* Build configuration list for PBXProject "股票动态曲线图" */ = {
			isa = XCConfigurationList;
			buildConfigurations = (
				65D714DF1EE8EF7D00C42E6A /* Debug */,
				65D714E01EE8EF7D00C42E6A /* Release */,
			);
			defaultConfigurationIsVisible = 0;
			defaultConfigurationName = Release;
		};
		65D714E11EE8EF7D00C42E6A /* Build configuration list for PBXNativeTarget "股票动态曲线图" */ = {
			isa = XCConfigurationList;
			buildConfigurations = (
				65D714E21EE8EF7D00C42E6A /* Debug */,
				65D714E31EE8EF7D00C42E6A /* Release */,
			);
			defaultConfigurationIsVisible = 0;
		};
		65D714E41EE8EF7D00C42E6A /* Build configuration list for PBXNativeTarget "股票动态曲线图Tests" */ = {
			isa = XCConfigurationList;
			buildConfigurations = (
				65D714E51EE8EF7D00C42E6A /* Debug */,
				65D714E61EE8EF7D00C42E6A /* Release */,
			);
			defaultConfigurationIsVisible = 0;
		};
		65D714E71EE8EF7D00C42E6A /* Build configuration list for PBXNativeTarget "股票动态曲线图UITests" */ = {
			isa = XCConfigurationList;
			buildConfigurations = (
				65D714E81EE8EF7D00C42E6A /* Debug */,
				65D714E91EE8EF7D00C42E6A /* Release */,
			);
			defaultConfigurationIsVisible = 0;
		};
/* End XCConfigurationList section */
	};
	rootObject = 65D714AC1EE8EF7C00C42E6A /* Project object */;
}
